
Microsoft Visual Studio Solution File, Format Version 12.00
# Visual Studio Version 17
VisualStudioVersion = 17.5.33530.505
MinimumVisualStudioVersion = 10.0.40219.1
Project("{FAE04EC0-301F-11D3-BF4B-00C04F79EFBC}") = "seat_simulation_asg", "seat_simulation_asg.csproj", "{15F0CE5D-20DA-4F41-A600-7DF3A9584E61}"
EndProject
Global
	GlobalSection(SolutionConfigurationPlatforms) = preSolution
		Debug|Any CPU = Debug|Any CPU
		Release|Any CPU = Release|Any CPU
	EndGlobalSection
	GlobalSection(ProjectConfigurationPlatforms) = postSolution
		{15F0CE5D-20DA-4F41-A600-7DF3A9584E61}.Debug|Any CPU.ActiveCfg = Debug|Any CPU
		{15F0CE5D-20DA-4F41-A600-7DF3A9584E61}.Debug|Any CPU.Build.0 = Debug|Any CPU
		{15F0CE5D-20DA-4F41-A600-7DF3A9584E61}.Release|Any CPU.ActiveCfg = Release|Any CPU
		{15F0CE5D-20DA-4F41-A600-7DF3A9584E61}.Release|Any CPU.Build.0 = Release|Any CPU
	EndGlobalSection
	GlobalSection(SolutionProperties) = preSolution
		HideSolutionNode = FALSE
	EndGlobalSection
	GlobalSection(ExtensibilityGlobals) = postSolution
		SolutionGuid = {503B5E47-F2B7-4642-B1EB-147318BA8D40}
	EndGlobalSection
EndGlobal
